// !$*UTF8*$!
{
	archiveVersion = 1;
	classes = {
	};
	objectVersion = 46;
	objects = {

/* Begin PBXBuildFile section */
		AC2A2D301C0E668700196FBF /* AppDelegate.swift in Sources */ = {isa = PBXBuildFile; fileRef = AC2A2D2F1C0E668700196FBF /* AppDelegate.swift */; };
		AC2A2D321C0E668700196FBF /* ViewController.swift in Sources */ = {isa = PBXBuildFile; fileRef = AC2A2D311C0E668700196FBF /* ViewController.swift */; };
		AC2A2D351C0E668700196FBF /* Main.storyboard in Resources */ = {isa = PBXBuildFile; fileRef = AC2A2D331C0E668700196FBF /* Main.storyboard */; };
		AC2A2D371C0E668700196FBF /* Assets.xcassets in Resources */ = {isa = PBXBuildFile; fileRef = AC2A2D361C0E668700196FBF /* Assets.xcassets */; };
		AC2A2D3A1C0E668700196FBF /* LaunchScreen.storyboard in Resources */ = {isa = PBXBuildFile; fileRef = AC2A2D381C0E668700196FBF /* LaunchScreen.storyboard */; };
		AC2A2D451C0E668700196FBF /* SubCalcTests.swift in Sources */ = {isa = PBXBuildFile; fileRef = AC2A2D441C0E668700196FBF /* SubCalcTests.swift */; };
		AC2A2D501C0E668700196FBF /* SubCalcUITests.swift in Sources */ = {isa = PBXBuildFile; fileRef = AC2A2D4F1C0E668700196FBF /* SubCalcUITests.swift */; };
		FA0FD1FD221B562F00E625E6 /* .gitignore in Resources */ = {isa = PBXBuildFile; fileRef = FA0FD1FC221B562F00E625E6 /* .gitignore */; };
		FAC65F6F220E1CBC00C303E8 /* SubCalc.entitlements in Resources */ = {isa = PBXBuildFile; fileRef = FA64F4C321F7B86D00D48113 /* SubCalc.entitlements */; };
		FAE759982228847F0036DC67 /* Utilities.swift in Sources */ = {isa = PBXBuildFile; fileRef = FAE759972228847E0036DC67 /* Utilities.swift */; };
/* End PBXBuildFile section */

/* Begin PBXContainerItemProxy section */
		AC2A2D411C0E668700196FBF /* PBXContainerItemProxy */ = {
			isa = PBXContainerItemProxy;
			containerPortal = AC2A2D241C0E668700196FBF /* Project object */;
			proxyType = 1;
			remoteGlobalIDString = AC2A2D2B1C0E668700196FBF;
			remoteInfo = SubCalc;
		};
		AC2A2D4C1C0E668700196FBF /* PBXContainerItemProxy */ = {
			isa = PBXContainerItemProxy;
			containerPortal = AC2A2D241C0E668700196FBF /* Project object */;
			proxyType = 1;
			remoteGlobalIDString = AC2A2D2B1C0E668700196FBF;
			remoteInfo = SubCalc;
		};
/* End PBXContainerItemProxy section */

/* Begin PBXCopyFilesBuildPhase section */
		FA27493324A7C96D009D38D1 /* Embed PlugIns */ = {
			isa = PBXCopyFilesBuildPhase;
			buildActionMask = 2147483647;
			dstPath = "";
			dstSubfolderSpec = 13;
			files = (
			);
			name = "Embed PlugIns";
			runOnlyForDeploymentPostprocessing = 0;
		};
/* End PBXCopyFilesBuildPhase section */

/* Begin PBXFileReference section */
		AC2A2D2C1C0E668700196FBF /* SubCalc.app */ = {isa = PBXFileReference; explicitFileType = wrapper.application; includeInIndex = 0; path = SubCalc.app; sourceTree = BUILT_PRODUCTS_DIR; };
		AC2A2D2F1C0E668700196FBF /* AppDelegate.swift */ = {isa = PBXFileReference; lastKnownFileType = sourcecode.swift; path = AppDelegate.swift; sourceTree = "<group>"; };
		AC2A2D311C0E668700196FBF /* ViewController.swift */ = {isa = PBXFileReference; lastKnownFileType = sourcecode.swift; path = ViewController.swift; sourceTree = "<group>"; };
		AC2A2D341C0E668700196FBF /* Base */ = {isa = PBXFileReference; lastKnownFileType = file.storyboard; name = Base; path = Base.lproj/Main.storyboard; sourceTree = "<group>"; };
		AC2A2D361C0E668700196FBF /* Assets.xcassets */ = {isa = PBXFileReference; lastKnownFileType = folder.assetcatalog; path = Assets.xcassets; sourceTree = "<group>"; };
		AC2A2D391C0E668700196FBF /* Base */ = {isa = PBXFileReference; lastKnownFileType = file.storyboard; name = Base; path = Base.lproj/LaunchScreen.storyboard; sourceTree = "<group>"; };
		AC2A2D3B1C0E668700196FBF /* Info.plist */ = {isa = PBXFileReference; lastKnownFileType = text.plist.xml; path = Info.plist; sourceTree = "<group>"; };
		AC2A2D401C0E668700196FBF /* SubCalcTests.xctest */ = {isa = PBXFileReference; explicitFileType = wrapper.cfbundle; includeInIndex = 0; path = SubCalcTests.xctest; sourceTree = BUILT_PRODUCTS_DIR; };
		AC2A2D441C0E668700196FBF /* SubCalcTests.swift */ = {isa = PBXFileReference; lastKnownFileType = sourcecode.swift; path = SubCalcTests.swift; sourceTree = "<group>"; };
		AC2A2D461C0E668700196FBF /* Info.plist */ = {isa = PBXFileReference; lastKnownFileType = text.plist.xml; path = Info.plist; sourceTree = "<group>"; };
		AC2A2D4B1C0E668700196FBF /* SubCalcUITests.xctest */ = {isa = PBXFileReference; explicitFileType = wrapper.cfbundle; includeInIndex = 0; path = SubCalcUITests.xctest; sourceTree = BUILT_PRODUCTS_DIR; };
		AC2A2D4F1C0E668700196FBF /* SubCalcUITests.swift */ = {isa = PBXFileReference; lastKnownFileType = sourcecode.swift; path = SubCalcUITests.swift; sourceTree = "<group>"; };
		AC2A2D511C0E668700196FBF /* Info.plist */ = {isa = PBXFileReference; lastKnownFileType = text.plist.xml; path = Info.plist; sourceTree = "<group>"; };
		AC2A2D6C1C0E723200196FBF /* README.md */ = {isa = PBXFileReference; fileEncoding = 4; lastKnownFileType = net.daringfireball.markdown; path = README.md; sourceTree = "<group>"; };
		FA0FD1FC221B562F00E625E6 /* .gitignore */ = {isa = PBXFileReference; fileEncoding = 4; lastKnownFileType = text; path = .gitignore; sourceTree = "<group>"; };
		FA47D61624A7DCD500A35223 /* SparkleBridgeClient.framework */ = {isa = PBXFileReference; explicitFileType = wrapper.framework; path = SparkleBridgeClient.framework; sourceTree = BUILT_PRODUCTS_DIR; };
		FA64F4C321F7B86D00D48113 /* SubCalc.entitlements */ = {isa = PBXFileReference; lastKnownFileType = text.plist.entitlements; path = SubCalc.entitlements; sourceTree = "<group>"; };
		FA9957C7221A0DCD00B97F70 /* LICENSE */ = {isa = PBXFileReference; lastKnownFileType = text; path = LICENSE; sourceTree = "<group>"; };
		FAC1D9472214908A0012239C /* Build-Phases */ = {isa = PBXFileReference; lastKnownFileType = folder; path = "Build-Phases"; sourceTree = "<group>"; };
		FAC65F732211DD7100C303E8 /* React */ = {isa = PBXFileReference; lastKnownFileType = folder; path = React; sourceTree = "<group>"; };
		FAC65F742211DEBD00C303E8 /* CHANGES.md */ = {isa = PBXFileReference; lastKnownFileType = net.daringfireball.markdown; path = CHANGES.md; sourceTree = "<group>"; };
		FAC65F752211EC2F00C303E8 /* .gitmodules */ = {isa = PBXFileReference; fileEncoding = 4; lastKnownFileType = text; path = .gitmodules; sourceTree = "<group>"; };
		FAE759972228847E0036DC67 /* Utilities.swift */ = {isa = PBXFileReference; lastKnownFileType = sourcecode.swift; path = Utilities.swift; sourceTree = "<group>"; };
/* End PBXFileReference section */

/* Begin PBXFrameworksBuildPhase section */
		AC2A2D291C0E668700196FBF /* Frameworks */ = {
			isa = PBXFrameworksBuildPhase;
			buildActionMask = 2147483647;
			files = (
			);
			runOnlyForDeploymentPostprocessing = 0;
		};
		AC2A2D3D1C0E668700196FBF /* Frameworks */ = {
			isa = PBXFrameworksBuildPhase;
			buildActionMask = 2147483647;
			files = (
			);
			runOnlyForDeploymentPostprocessing = 0;
		};
		AC2A2D481C0E668700196FBF /* Frameworks */ = {
			isa = PBXFrameworksBuildPhase;
			buildActionMask = 2147483647;
			files = (
			);
			runOnlyForDeploymentPostprocessing = 0;
		};
/* End PBXFrameworksBuildPhase section */

/* Begin PBXGroup section */
		AC2A2D231C0E668700196FBF = {
			isa = PBXGroup;
			children = (
				FA0FD1FC221B562F00E625E6 /* .gitignore */,
				FAC65F752211EC2F00C303E8 /* .gitmodules */,
				AC2A2D6C1C0E723200196FBF /* README.md */,
				FAC65F742211DEBD00C303E8 /* CHANGES.md */,
				FA9957C7221A0DCD00B97F70 /* LICENSE */,
				FAC1D9472214908A0012239C /* Build-Phases */,
				FAC65F732211DD7100C303E8 /* React */,
				AC2A2D2E1C0E668700196FBF /* SubCalc */,
				AC2A2D431C0E668700196FBF /* SubCalcTests */,
				AC2A2D4E1C0E668700196FBF /* SubCalcUITests */,
				AC2A2D2D1C0E668700196FBF /* Products */,
				FA27492F24A7C96D009D38D1 /* Frameworks */,
			);
			sourceTree = "<group>";
		};
		AC2A2D2D1C0E668700196FBF /* Products */ = {
			isa = PBXGroup;
			children = (
				AC2A2D2C1C0E668700196FBF /* SubCalc.app */,
				AC2A2D401C0E668700196FBF /* SubCalcTests.xctest */,
				AC2A2D4B1C0E668700196FBF /* SubCalcUITests.xctest */,
			);
			name = Products;
			sourceTree = "<group>";
		};
		AC2A2D2E1C0E668700196FBF /* SubCalc */ = {
			isa = PBXGroup;
			children = (
				FAE7BBC31C1A439600BAA676 /* Assets */,
				FAE7BBC21C1A438B00BAA676 /* Code */,
				FAE7BBC41C1A43B400BAA676 /* Interfaces */,
				FAE7BBC51C1A43D000BAA676 /* Plists */,
			);
			path = SubCalc;
			sourceTree = "<group>";
		};
		AC2A2D431C0E668700196FBF /* SubCalcTests */ = {
			isa = PBXGroup;
			children = (
				AC2A2D441C0E668700196FBF /* SubCalcTests.swift */,
				AC2A2D461C0E668700196FBF /* Info.plist */,
			);
			path = SubCalcTests;
			sourceTree = "<group>";
		};
		AC2A2D4E1C0E668700196FBF /* SubCalcUITests */ = {
			isa = PBXGroup;
			children = (
				AC2A2D4F1C0E668700196FBF /* SubCalcUITests.swift */,
				AC2A2D511C0E668700196FBF /* Info.plist */,
			);
			path = SubCalcUITests;
			sourceTree = "<group>";
		};
		FA27492F24A7C96D009D38D1 /* Frameworks */ = {
			isa = PBXGroup;
			children = (
				FA47D61624A7DCD500A35223 /* SparkleBridgeClient.framework */,
			);
			name = Frameworks;
			sourceTree = "<group>";
		};
		FAE7BBC21C1A438B00BAA676 /* Code */ = {
			isa = PBXGroup;
			children = (
				AC2A2D2F1C0E668700196FBF /* AppDelegate.swift */,
				FAE759972228847E0036DC67 /* Utilities.swift */,
				AC2A2D311C0E668700196FBF /* ViewController.swift */,
			);
			name = Code;
			sourceTree = "<group>";
		};
		FAE7BBC31C1A439600BAA676 /* Assets */ = {
			isa = PBXGroup;
			children = (
				AC2A2D361C0E668700196FBF /* Assets.xcassets */,
			);
			name = Assets;
			sourceTree = "<group>";
		};
		FAE7BBC41C1A43B400BAA676 /* Interfaces */ = {
			isa = PBXGroup;
			children = (
				AC2A2D381C0E668700196FBF /* LaunchScreen.storyboard */,
				AC2A2D331C0E668700196FBF /* Main.storyboard */,
			);
			name = Interfaces;
			sourceTree = "<group>";
		};
		FAE7BBC51C1A43D000BAA676 /* Plists */ = {
			isa = PBXGroup;
			children = (
				FA64F4C321F7B86D00D48113 /* SubCalc.entitlements */,
				AC2A2D3B1C0E668700196FBF /* Info.plist */,
			);
			name = Plists;
			sourceTree = "<group>";
		};
/* End PBXGroup section */

/* Begin PBXNativeTarget section */
		AC2A2D2B1C0E668700196FBF /* SubCalc */ = {
			isa = PBXNativeTarget;
			buildConfigurationList = AC2A2D541C0E668700196FBF /* Build configuration list for PBXNativeTarget "SubCalc" */;
			buildPhases = (
				AC2A2D281C0E668700196FBF /* Sources */,
				AC2A2D291C0E668700196FBF /* Frameworks */,
				AC2A2D2A1C0E668700196FBF /* Resources */,
				FA19859F21ED93FC00C8668F /* Save Git Commit Number as Build Number */,
				FAC65F70221122A600C303E8 /* Build SubCalc React App */,
				FA27493324A7C96D009D38D1 /* Embed PlugIns */,
			);
			buildRules = (
			);
			dependencies = (
			);
			name = SubCalc;
			productName = SubCalc;
			productReference = AC2A2D2C1C0E668700196FBF /* SubCalc.app */;
			productType = "com.apple.product-type.application";
		};
		AC2A2D3F1C0E668700196FBF /* SubCalcTests */ = {
			isa = PBXNativeTarget;
			buildConfigurationList = AC2A2D571C0E668700196FBF /* Build configuration list for PBXNativeTarget "SubCalcTests" */;
			buildPhases = (
				AC2A2D3C1C0E668700196FBF /* Sources */,
				AC2A2D3D1C0E668700196FBF /* Frameworks */,
				AC2A2D3E1C0E668700196FBF /* Resources */,
			);
			buildRules = (
			);
			dependencies = (
				AC2A2D421C0E668700196FBF /* PBXTargetDependency */,
			);
			name = SubCalcTests;
			productName = SubCalcTests;
			productReference = AC2A2D401C0E668700196FBF /* SubCalcTests.xctest */;
			productType = "com.apple.product-type.bundle.unit-test";
		};
		AC2A2D4A1C0E668700196FBF /* SubCalcUITests */ = {
			isa = PBXNativeTarget;
			buildConfigurationList = AC2A2D5A1C0E668700196FBF /* Build configuration list for PBXNativeTarget "SubCalcUITests" */;
			buildPhases = (
				AC2A2D471C0E668700196FBF /* Sources */,
				AC2A2D481C0E668700196FBF /* Frameworks */,
				AC2A2D491C0E668700196FBF /* Resources */,
			);
			buildRules = (
			);
			dependencies = (
				AC2A2D4D1C0E668700196FBF /* PBXTargetDependency */,
			);
			name = SubCalcUITests;
			productName = SubCalcUITests;
			productReference = AC2A2D4B1C0E668700196FBF /* SubCalcUITests.xctest */;
			productType = "com.apple.product-type.bundle.ui-testing";
		};
/* End PBXNativeTarget section */

/* Begin PBXProject section */
		AC2A2D241C0E668700196FBF /* Project object */ = {
			isa = PBXProject;
			attributes = {
				CLASSPREFIX = "";
				LastSwiftUpdateCheck = 0710;
				LastUpgradeCheck = 1020;
				ORGANIZATIONNAME = Tenseg;
				TargetAttributes = {
					AC2A2D2B1C0E668700196FBF = {
						CreatedOnToolsVersion = 7.1.1;
						DevelopmentTeam = 5533H4YYN4;
						LastSwiftMigration = 1020;
						SystemCapabilities = {
							com.apple.DataProtection = {
								enabled = 0;
							};
							com.apple.SafariKeychain = {
								enabled = 1;
							};
						};
					};
					AC2A2D3F1C0E668700196FBF = {
						CreatedOnToolsVersion = 7.1.1;
						LastSwiftMigration = 1020;
						TestTargetID = AC2A2D2B1C0E668700196FBF;
					};
					AC2A2D4A1C0E668700196FBF = {
						CreatedOnToolsVersion = 7.1.1;
						LastSwiftMigration = 1020;
						TestTargetID = AC2A2D2B1C0E668700196FBF;
					};
				};
			};
			buildConfigurationList = AC2A2D271C0E668700196FBF /* Build configuration list for PBXProject "SubCalc" */;
			compatibilityVersion = "Xcode 3.2";
			developmentRegion = en;
			hasScannedForEncodings = 0;
			knownRegions = (
				en,
				Base,
			);
			mainGroup = AC2A2D231C0E668700196FBF;
			productRefGroup = AC2A2D2D1C0E668700196FBF /* Products */;
			projectDirPath = "";
			projectRoot = "";
			targets = (
				AC2A2D2B1C0E668700196FBF /* SubCalc */,
				AC2A2D3F1C0E668700196FBF /* SubCalcTests */,
				AC2A2D4A1C0E668700196FBF /* SubCalcUITests */,
			);
		};
/* End PBXProject section */

/* Begin PBXResourcesBuildPhase section */
		AC2A2D2A1C0E668700196FBF /* Resources */ = {
			isa = PBXResourcesBuildPhase;
			buildActionMask = 2147483647;
			files = (
				FA0FD1FD221B562F00E625E6 /* .gitignore in Resources */,
				FAC65F6F220E1CBC00C303E8 /* SubCalc.entitlements in Resources */,
				AC2A2D3A1C0E668700196FBF /* LaunchScreen.storyboard in Resources */,
				AC2A2D371C0E668700196FBF /* Assets.xcassets in Resources */,
				AC2A2D351C0E668700196FBF /* Main.storyboard in Resources */,
			);
			runOnlyForDeploymentPostprocessing = 0;
		};
		AC2A2D3E1C0E668700196FBF /* Resources */ = {
			isa = PBXResourcesBuildPhase;
			buildActionMask = 2147483647;
			files = (
			);
			runOnlyForDeploymentPostprocessing = 0;
		};
		AC2A2D491C0E668700196FBF /* Resources */ = {
			isa = PBXResourcesBuildPhase;
			buildActionMask = 2147483647;
			files = (
			);
			runOnlyForDeploymentPostprocessing = 0;
		};
/* End PBXResourcesBuildPhase section */

/* Begin PBXShellScriptBuildPhase section */
		FA19859F21ED93FC00C8668F /* Save Git Commit Number as Build Number */ = {
			isa = PBXShellScriptBuildPhase;
			buildActionMask = 2147483647;
			files = (
			);
			inputFileListPaths = (
			);
			inputPaths = (
				"$(TARGET_BUILD_DIR)/$(INFOPLIST_PATH)",
				"${BUILT_PRODUCTS_DIR}/${WRAPPER_NAME}.dSYM/Contents/Info.plist",
			);
			name = "Save Git Commit Number as Build Number";
			outputFileListPaths = (
			);
			outputPaths = (
			);
			runOnlyForDeploymentPostprocessing = 0;
			shellPath = /bin/sh;
			shellScript = "$SRCROOT/Build-Phases/save-git-count-as-buildnum.sh\n";
		};
		FAC65F70221122A600C303E8 /* Build SubCalc React App */ = {
			isa = PBXShellScriptBuildPhase;
			buildActionMask = 2147483647;
			files = (
			);
			inputFileListPaths = (
			);
			inputPaths = (
				"$(TARGET_BUILD_DIR)/$(INFOPLIST_PATH)",
			);
			name = "Build SubCalc React App";
			outputFileListPaths = (
			);
			outputPaths = (
			);
			runOnlyForDeploymentPostprocessing = 0;
			shellPath = /bin/sh;
			shellScript = "$SRCROOT/Build-Phases/build-react-app.sh\n";
		};
/* End PBXShellScriptBuildPhase section */

/* Begin PBXSourcesBuildPhase section */
		AC2A2D281C0E668700196FBF /* Sources */ = {
			isa = PBXSourcesBuildPhase;
			buildActionMask = 2147483647;
			files = (
				FAE759982228847F0036DC67 /* Utilities.swift in Sources */,
				AC2A2D321C0E668700196FBF /* ViewController.swift in Sources */,
				AC2A2D301C0E668700196FBF /* AppDelegate.swift in Sources */,
			);
			runOnlyForDeploymentPostprocessing = 0;
		};
		AC2A2D3C1C0E668700196FBF /* Sources */ = {
			isa = PBXSourcesBuildPhase;
			buildActionMask = 2147483647;
			files = (
				AC2A2D451C0E668700196FBF /* SubCalcTests.swift in Sources */,
			);
			runOnlyForDeploymentPostprocessing = 0;
		};
		AC2A2D471C0E668700196FBF /* Sources */ = {
			isa = PBXSourcesBuildPhase;
			buildActionMask = 2147483647;
			files = (
				AC2A2D501C0E668700196FBF /* SubCalcUITests.swift in Sources */,
			);
			runOnlyForDeploymentPostprocessing = 0;
		};
/* End PBXSourcesBuildPhase section */

/* Begin PBXTargetDependency section */
		AC2A2D421C0E668700196FBF /* PBXTargetDependency */ = {
			isa = PBXTargetDependency;
			target = AC2A2D2B1C0E668700196FBF /* SubCalc */;
			targetProxy = AC2A2D411C0E668700196FBF /* PBXContainerItemProxy */;
		};
		AC2A2D4D1C0E668700196FBF /* PBXTargetDependency */ = {
			isa = PBXTargetDependency;
			target = AC2A2D2B1C0E668700196FBF /* SubCalc */;
			targetProxy = AC2A2D4C1C0E668700196FBF /* PBXContainerItemProxy */;
		};
/* End PBXTargetDependency section */

/* Begin PBXVariantGroup section */
		AC2A2D331C0E668700196FBF /* Main.storyboard */ = {
			isa = PBXVariantGroup;
			children = (
				AC2A2D341C0E668700196FBF /* Base */,
			);
			name = Main.storyboard;
			sourceTree = "<group>";
		};
		AC2A2D381C0E668700196FBF /* LaunchScreen.storyboard */ = {
			isa = PBXVariantGroup;
			children = (
				AC2A2D391C0E668700196FBF /* Base */,
			);
			name = LaunchScreen.storyboard;
			sourceTree = "<group>";
		};
/* End PBXVariantGroup section */

/* Begin XCBuildConfiguration section */
		AC2A2D521C0E668700196FBF /* Debug */ = {
			isa = XCBuildConfiguration;
			buildSettings = {
				ALWAYS_SEARCH_USER_PATHS = NO;
				CLANG_ANALYZER_LOCALIZABILITY_NONLOCALIZED = YES;
				CLANG_CXX_LANGUAGE_STANDARD = "gnu++0x";
				CLANG_CXX_LIBRARY = "libc++";
				CLANG_ENABLE_MODULES = YES;
				CLANG_ENABLE_OBJC_ARC = YES;
				CLANG_WARN_BLOCK_CAPTURE_AUTORELEASING = YES;
				CLANG_WARN_BOOL_CONVERSION = YES;
				CLANG_WARN_COMMA = YES;
				CLANG_WARN_CONSTANT_CONVERSION = YES;
				CLANG_WARN_DEPRECATED_OBJC_IMPLEMENTATIONS = YES;
				CLANG_WARN_DIRECT_OBJC_ISA_USAGE = YES_ERROR;
				CLANG_WARN_EMPTY_BODY = YES;
				CLANG_WARN_ENUM_CONVERSION = YES;
				CLANG_WARN_INFINITE_RECURSION = YES;
				CLANG_WARN_INT_CONVERSION = YES;
				CLANG_WARN_NON_LITERAL_NULL_CONVERSION = YES;
				CLANG_WARN_OBJC_IMPLICIT_RETAIN_SELF = YES;
				CLANG_WARN_OBJC_LITERAL_CONVERSION = YES;
				CLANG_WARN_OBJC_ROOT_CLASS = YES_ERROR;
				CLANG_WARN_RANGE_LOOP_ANALYSIS = YES;
				CLANG_WARN_STRICT_PROTOTYPES = YES;
				CLANG_WARN_SUSPICIOUS_MOVE = YES;
				CLANG_WARN_UNREACHABLE_CODE = YES;
				CLANG_WARN__DUPLICATE_METHOD_MATCH = YES;
				CODE_SIGN_IDENTITY = "iPhone Developer";
				"CODE_SIGN_IDENTITY[sdk=iphoneos*]" = "iPhone Developer";
				COPY_PHASE_STRIP = NO;
				DEBUG_INFORMATION_FORMAT = dwarf;
				ENABLE_STRICT_OBJC_MSGSEND = YES;
				ENABLE_TESTABILITY = YES;
				GCC_C_LANGUAGE_STANDARD = gnu99;
				GCC_DYNAMIC_NO_PIC = NO;
				GCC_NO_COMMON_BLOCKS = YES;
				GCC_OPTIMIZATION_LEVEL = 0;
				GCC_PREPROCESSOR_DEFINITIONS = (
					"DEBUG=1",
					"$(inherited)",
				);
				GCC_WARN_64_TO_32_BIT_CONVERSION = YES;
				GCC_WARN_ABOUT_RETURN_TYPE = YES_ERROR;
				GCC_WARN_UNDECLARED_SELECTOR = YES;
				GCC_WARN_UNINITIALIZED_AUTOS = YES_AGGRESSIVE;
				GCC_WARN_UNUSED_FUNCTION = YES;
				GCC_WARN_UNUSED_VARIABLE = YES;
				IPHONEOS_DEPLOYMENT_TARGET = 10.3;
				MTL_ENABLE_DEBUG_INFO = YES;
				ONLY_ACTIVE_ARCH = YES;
				SDKROOT = iphoneos;
				SWIFT_OPTIMIZATION_LEVEL = "-Onone";
				TARGETED_DEVICE_FAMILY = "1,2";
			};
			name = Debug;
		};
		AC2A2D531C0E668700196FBF /* Release */ = {
			isa = XCBuildConfiguration;
			buildSettings = {
				ALWAYS_SEARCH_USER_PATHS = NO;
				CLANG_ANALYZER_LOCALIZABILITY_NONLOCALIZED = YES;
				CLANG_CXX_LANGUAGE_STANDARD = "gnu++0x";
				CLANG_CXX_LIBRARY = "libc++";
				CLANG_ENABLE_MODULES = YES;
				CLANG_ENABLE_OBJC_ARC = YES;
				CLANG_WARN_BLOCK_CAPTURE_AUTORELEASING = YES;
				CLANG_WARN_BOOL_CONVERSION = YES;
				CLANG_WARN_COMMA = YES;
				CLANG_WARN_CONSTANT_CONVERSION = YES;
				CLANG_WARN_DEPRECATED_OBJC_IMPLEMENTATIONS = YES;
				CLANG_WARN_DIRECT_OBJC_ISA_USAGE = YES_ERROR;
				CLANG_WARN_EMPTY_BODY = YES;
				CLANG_WARN_ENUM_CONVERSION = YES;
				CLANG_WARN_INFINITE_RECURSION = YES;
				CLANG_WARN_INT_CONVERSION = YES;
				CLANG_WARN_NON_LITERAL_NULL_CONVERSION = YES;
				CLANG_WARN_OBJC_IMPLICIT_RETAIN_SELF = YES;
				CLANG_WARN_OBJC_LITERAL_CONVERSION = YES;
				CLANG_WARN_OBJC_ROOT_CLASS = YES_ERROR;
				CLANG_WARN_RANGE_LOOP_ANALYSIS = YES;
				CLANG_WARN_STRICT_PROTOTYPES = YES;
				CLANG_WARN_SUSPICIOUS_MOVE = YES;
				CLANG_WARN_UNREACHABLE_CODE = YES;
				CLANG_WARN__DUPLICATE_METHOD_MATCH = YES;
				CODE_SIGN_IDENTITY = "iPhone Distribution";
				"CODE_SIGN_IDENTITY[sdk=iphoneos*]" = "iPhone Developer";
				COPY_PHASE_STRIP = NO;
				DEBUG_INFORMATION_FORMAT = "dwarf-with-dsym";
				ENABLE_NS_ASSERTIONS = NO;
				ENABLE_STRICT_OBJC_MSGSEND = YES;
				GCC_C_LANGUAGE_STANDARD = gnu99;
				GCC_NO_COMMON_BLOCKS = YES;
				GCC_WARN_64_TO_32_BIT_CONVERSION = YES;
				GCC_WARN_ABOUT_RETURN_TYPE = YES_ERROR;
				GCC_WARN_UNDECLARED_SELECTOR = YES;
				GCC_WARN_UNINITIALIZED_AUTOS = YES_AGGRESSIVE;
				GCC_WARN_UNUSED_FUNCTION = YES;
				GCC_WARN_UNUSED_VARIABLE = YES;
				IPHONEOS_DEPLOYMENT_TARGET = 10.3;
				MTL_ENABLE_DEBUG_INFO = NO;
				SDKROOT = iphoneos;
				SWIFT_OPTIMIZATION_LEVEL = "-Owholemodule";
				TARGETED_DEVICE_FAMILY = "1,2";
				VALIDATE_PRODUCT = YES;
			};
			name = Release;
		};
		AC2A2D551C0E668700196FBF /* Debug */ = {
			isa = XCBuildConfiguration;
			buildSettings = {
				ASSETCATALOG_COMPILER_APPICON_NAME = AppIcon;
				ASSETCATALOG_COMPILER_LAUNCHIMAGE_NAME = "";
				CODE_SIGN_ENTITLEMENTS = SubCalc/SubCalc.entitlements;
				CODE_SIGN_IDENTITY = "iPhone Developer";
				DEBUG_INFORMATION_FORMAT = "dwarf-with-dsym";
				INFOPLIST_FILE = SubCalc/Info.plist;
				IPHONEOS_DEPLOYMENT_TARGET = 13.2;
				LD_RUNPATH_SEARCH_PATHS = "$(inherited) @executable_path/Frameworks";
				MARKETING_VERSION = "3.1.3-dev.4";
				OTHER_SWIFT_FLAGS = "-D DEBUG";
				PRODUCT_BUNDLE_IDENTIFIER = net.tenseg.SubCalc;
				PRODUCT_NAME = "$(TARGET_NAME)";
				SUPPORTS_MACCATALYST = YES;
				SWIFT_VERSION = 5.0;
			};
			name = Debug;
		};
		AC2A2D561C0E668700196FBF /* Release */ = {
			isa = XCBuildConfiguration;
			buildSettings = {
				ASSETCATALOG_COMPILER_APPICON_NAME = AppIcon;
				ASSETCATALOG_COMPILER_LAUNCHIMAGE_NAME = "";
				CODE_SIGN_ENTITLEMENTS = SubCalc/SubCalc.entitlements;
				CODE_SIGN_IDENTITY = "iPhone Developer";
				INFOPLIST_FILE = SubCalc/Info.plist;
				IPHONEOS_DEPLOYMENT_TARGET = 13.2;
				LD_RUNPATH_SEARCH_PATHS = "$(inherited) @executable_path/Frameworks";
				MARKETING_VERSION = "3.1.3-dev.4";
				OTHER_SWIFT_FLAGS = "-D RELEASE";
				PRODUCT_BUNDLE_IDENTIFIER = net.tenseg.SubCalc;
				PRODUCT_NAME = "$(TARGET_NAME)";
				SUPPORTS_MACCATALYST = YES;
				SWIFT_VERSION = 5.0;
			};
			name = Release;
		};
		AC2A2D581C0E668700196FBF /* Debug */ = {
			isa = XCBuildConfiguration;
			buildSettings = {
				BUNDLE_LOADER = "$(TEST_HOST)";
				INFOPLIST_FILE = SubCalcTests/Info.plist;
				LD_RUNPATH_SEARCH_PATHS = "$(inherited) @executable_path/Frameworks @loader_path/Frameworks";
				PRODUCT_BUNDLE_IDENTIFIER = net.tenseg.SubCalcTests;
				PRODUCT_NAME = "$(TARGET_NAME)";
				SWIFT_VERSION = 5.0;
				TEST_HOST = "$(BUILT_PRODUCTS_DIR)/SubCalc.app/SubCalc";
			};
			name = Debug;
		};
		AC2A2D591C0E668700196FBF /* Release */ = {
			isa = XCBuildConfiguration;
			buildSettings = {
				BUNDLE_LOADER = "$(TEST_HOST)";
				INFOPLIST_FILE = SubCalcTests/Info.plist;
				LD_RUNPATH_SEARCH_PATHS = "$(inherited) @executable_path/Frameworks @loader_path/Frameworks";
				PRODUCT_BUNDLE_IDENTIFIER = net.tenseg.SubCalcTests;
				PRODUCT_NAME = "$(TARGET_NAME)";
				SWIFT_VERSION = 5.0;
				TEST_HOST = "$(BUILT_PRODUCTS_DIR)/SubCalc.app/SubCalc";
			};
			name = Release;
		};
		AC2A2D5B1C0E668700196FBF /* Debug */ = {
			isa = XCBuildConfiguration;
			buildSettings = {
				INFOPLIST_FILE = SubCalcUITests/Info.plist;
				LD_RUNPATH_SEARCH_PATHS = "$(inherited) @executable_path/Frameworks @loader_path/Frameworks";
				PRODUCT_BUNDLE_IDENTIFIER = net.tenseg.SubCalcUITests;
				PRODUCT_NAME = "$(TARGET_NAME)";
				SWIFT_VERSION = 5.0;
				TEST_TARGET_NAME = SubCalc;
				USES_XCTRUNNER = YES;
			};
			name = Debug;
		};
		AC2A2D5C1C0E668700196FBF /* Release */ = {
			isa = XCBuildConfiguration;
			buildSettings = {
				INFOPLIST_FILE = SubCalcUITests/Info.plist;
				LD_RUNPATH_SEARCH_PATHS = "$(inherited) @executable_path/Frameworks @loader_path/Frameworks";
				PRODUCT_BUNDLE_IDENTIFIER = net.tenseg.SubCalcUITests;
				PRODUCT_NAME = "$(TARGET_NAME)";
				SWIFT_VERSION = 5.0;
				TEST_TARGET_NAME = SubCalc;
				USES_XCTRUNNER = YES;
			};
			name = Release;
		};
/* End XCBuildConfiguration section */

/* Begin XCConfigurationList section */
		AC2A2D271C0E668700196FBF /* Build configuration list for PBXProject "SubCalc" */ = {
			isa = XCConfigurationList;
			buildConfigurations = (
				AC2A2D521C0E668700196FBF /* Debug */,
				AC2A2D531C0E668700196FBF /* Release */,
			);
			defaultConfigurationIsVisible = 0;
			defaultConfigurationName = Release;
		};
		AC2A2D541C0E668700196FBF /* Build configuration list for PBXNativeTarget "SubCalc" */ = {
			isa = XCConfigurationList;
			buildConfigurations = (
				AC2A2D551C0E668700196FBF /* Debug */,
				AC2A2D561C0E668700196FBF /* Release */,
			);
			defaultConfigurationIsVisible = 0;
			defaultConfigurationName = Release;
		};
		AC2A2D571C0E668700196FBF /* Build configuration list for PBXNativeTarget "SubCalcTests" */ = {
			isa = XCConfigurationList;
			buildConfigurations = (
				AC2A2D581C0E668700196FBF /* Debug */,
				AC2A2D591C0E668700196FBF /* Release */,
			);
			defaultConfigurationIsVisible = 0;
			defaultConfigurationName = Release;
		};
		AC2A2D5A1C0E668700196FBF /* Build configuration list for PBXNativeTarget "SubCalcUITests" */ = {
			isa = XCConfigurationList;
			buildConfigurations = (
				AC2A2D5B1C0E668700196FBF /* Debug */,
				AC2A2D5C1C0E668700196FBF /* Release */,
			);
			defaultConfigurationIsVisible = 0;
			defaultConfigurationName = Release;
		};
/* End XCConfigurationList section */
	};
	rootObject = AC2A2D241C0E668700196FBF /* Project object */;
}
